NeoBundleLock FuzzyFinder b9f165970346df55862853dd83c8a4f2b2b70262
NeoBundleLock L9 c822b05ee0886f9a9703227dc85a6d47612c4bf1
NeoBundleLock caw.vim 6591ed28caef2d3175298818c5f38ce9ec692416
NeoBundleLock ctrlp.vim 564176f01d7f3f7f8ab452ff4e1f5314de7b0981
NeoBundleLock gitv e10a8963e0ff1387e7e764f799a5bba693a739b3
NeoBundleLock lightline.vim 9883aaba3f4a4718559ca7f830cd6f4cf52842f0
NeoBundleLock molokai c67bdfcdb31415aa0ade7f8c003261700a885476
NeoBundleLock mru 6e6064a087e73d6376962a1b05382b6dc72f7048
NeoBundleLock neobundle.vim 14bb64369c03b73a435faeb539973590efcb83c9
NeoBundleLock neocomplcache 778181767467b8f8016828898779a646074d883a
NeoBundleLock nerdcommenter 1f4bfd59920c101a30a74a07b824608a6e65f3fe
NeoBundleLock phpfolding.vim 433a972fd8ab7663f7c3e61900d5ba981ec5885c
NeoBundleLock surround.vim 324a8735bb82193a1a413e207dc1aaf60f3a1d82
NeoBundleLock taskpaper.vim 2df291f7f40ef049d0a60151c66f11fa21b01e1c
NeoBundleLock unite-colorscheme 3aa33866a183f7659594a3f6b66b2334eaebc6a0
NeoBundleLock vim-colors-solarized 528a59f26d12278698bb946f8fb82a63711eec21
NeoBundleLock vim-fugitive 23faeadc7c27cb32fa259af9b1f5ca459a1d6e2d
NeoBundleLock vim-go 4de4eeb71bd3ba08ba4344f8f3f1f704ade342c6
NeoBundleLock vim-quickrun 5bcb966b80d9d9e4051d9882a07fd61a2ea39d23
NeoBundleLock vimproc c809cb15f04f2ae62cb345365d2e76665294623b
NeoBundleLock yankround.vim 2db6dc0cc364448e014ad629b2eebf9eaaf0bfa8
