NeoBundleLock FuzzyFinder b9f165970346df55862853dd83c8a4f2b2b70262
NeoBundleLock L9 c822b05ee0886f9a9703227dc85a6d47612c4bf1
NeoBundleLock caw.vim 6591ed28caef2d3175298818c5f38ce9ec692416
NeoBundleLock command-t f7344ebbe95c532b2ad01f19877d6d611db0193b
NeoBundleLock ctrlp.vim b5d3fe66a58a13d2ff8b6391f4387608496a030f
NeoBundleLock gitv e10a8963e0ff1387e7e764f799a5bba693a739b3
NeoBundleLock lightline.vim 47a9f8776f84385273db1c7b0e73e3881c0a5073
NeoBundleLock mru 6e6064a087e73d6376962a1b05382b6dc72f7048
NeoBundleLock neobundle.vim 24b7f21979d304eb8c15c301893f6ac98c425cd1
NeoBundleLock neocomplcache 778181767467b8f8016828898779a646074d883a
NeoBundleLock nerdcommenter 5cc672a4f2adb734ac671499476034f0cd1d3d72
NeoBundleLock phpfolding.vim 433a972fd8ab7663f7c3e61900d5ba981ec5885c
NeoBundleLock surround.vim 324a8735bb82193a1a413e207dc1aaf60f3a1d82
NeoBundleLock taskpaper.vim 2df291f7f40ef049d0a60151c66f11fa21b01e1c
NeoBundleLock unite.vim be0aeaa200a5fcd4eba160aaef56c28123e8700c
NeoBundleLock vim-colors-solarized 528a59f26d12278698bb946f8fb82a63711eec21
NeoBundleLock vim-fugitive dba8a0705d95cda76d599bb7d09964d67741a5c5
NeoBundleLock vim-quickrun 76a5a0337e19e35cb4ac1d098636e2a688104558
NeoBundleLock vimproc c40f7e77e6ff0586ff6951e7cf479b3dc81bb69d
NeoBundleLock yankround.vim 2db6dc0cc364448e014ad629b2eebf9eaaf0bfa8
